{
  "version": 4,
  "terraform_version": "1.3.2",
  "serial": 46,
  "lineage": "9897ecb4-fb88-5510-9e1e-76079cd33db6",
  "outputs": {
    "ecr_image_tag": {
      "value": "290554196536.dkr.ecr.ap-southeast-1.amazonaws.com/rsmn-sales-xgbr:ks7jd6cmokjykc4c",
      "type": "string"
    },
    "endpoint": {
      "value": "https://9oy58b3kvb.execute-api.ap-southeast-1.amazonaws.com/",
      "type": "string"
    }
  },
  "resources": [
    {
      "mode": "data",
      "type": "archive_file",
      "name": "lambda_inline_zip",
      "provider": "provider[\"registry.terraform.io/hashicorp/archive\"]",
      "instances": [
        {
          "schema_version": 0,
          "attributes": {
            "excludes": null,
            "id": "ea3abfcbef199a1970314548bdc290b30af5a4d4",
            "output_base64sha256": "pwdJACz+mRqB+ngOVSp576pL0WNrLZTNizCDhXcc3yw=",
            "output_file_mode": null,
            "output_md5": "3a9b93b253b73c42ce0097af13c8d1c1",
            "output_path": "/tmp/lambda_zip_inline.zip",
            "output_sha": "ea3abfcbef199a1970314548bdc290b30af5a4d4",
            "output_size": 601,
            "source": [
              {
                "content": "import boto3\nfrom base64 import b64decode\n\ndef safeget(dct, *keys, default=None):\n    for key in keys:\n        try:\n            dct = dct[key]\n        except KeyError:\n            return default\n    return dct\n\ndef lambda_handler(event, context):\n    runtime = boto3.client('runtime.sagemaker')\n\n    try:\n        sagemaker_response = runtime.invoke_endpoint(\n            EndpointName=\"rsmn-sales-xgbr-endpoint\",\n            ContentType=safeget(event, 'headers', 'Content-Type', default='application/json'),\n            CustomAttributes=safeget(event, 'path', default='')[1:],\n            Body=b64decode(event.get('body')) if event.get('isBase64Encoded') else event.get('body')\n        )\n    except Exception as e:\n        print(e)\n        return {\n            'statusCode': e.response.get('OriginalStatusCode'),\n            'body': e.response.get('Error')['Message']\n        }\n    else:\n        return {\n            'statusCode': safeget(sagemaker_response, 'ResponseMetadata', 'HTTPStatusCode'),\n            'body': sagemaker_response.get('Body').read()\n        }\n",
                "filename": "index.py"
              }
            ],
            "source_content": null,
            "source_content_filename": null,
            "source_dir": null,
            "source_file": null,
            "type": "zip"
          },
          "sensitive_attributes": []
        }
      ]
    },
    {
      "mode": "data",
      "type": "aws_ecr_image",
      "name": "service_image",
      "provider": "provider[\"registry.terraform.io/hashicorp/aws\"]",
      "instances": [
        {
          "schema_version": 0,
          "attributes": {
            "id": "sha256:1563fedf02a86079d0084c2752914c3429bc2a40296b6e27ee7bcb62bfcdca54",
            "image_digest": "sha256:1563fedf02a86079d0084c2752914c3429bc2a40296b6e27ee7bcb62bfcdca54",
            "image_pushed_at": 1665829077,
            "image_size_in_bytes": 407624635,
            "image_tag": "ks7jd6cmokjykc4c",
            "image_tags": [
              "ks7jd6cmokjykc4c"
            ],
            "registry_id": "290554196536",
            "repository_name": "rsmn-sales-xgbr"
          },
          "sensitive_attributes": []
        }
      ]
    },
    {
      "mode": "data",
      "type": "aws_ecr_repository",
      "name": "service",
      "provider": "provider[\"registry.terraform.io/hashicorp/aws\"]",
      "instances": [
        {
          "schema_version": 0,
          "attributes": {
            "arn": "arn:aws:ecr:ap-southeast-1:290554196536:repository/rsmn-sales-xgbr",
            "encryption_configuration": [
              {
                "encryption_type": "AES256",
                "kms_key": ""
              }
            ],
            "id": "rsmn-sales-xgbr",
            "image_scanning_configuration": [
              {
                "scan_on_push": false
              }
            ],
            "image_tag_mutability": "MUTABLE",
            "name": "rsmn-sales-xgbr",
            "registry_id": "290554196536",
            "repository_url": "290554196536.dkr.ecr.ap-southeast-1.amazonaws.com/rsmn-sales-xgbr",
            "tags": {}
          },
          "sensitive_attributes": []
        }
      ]
    },
    {
      "mode": "managed",
      "type": "aws_apigatewayv2_api",
      "name": "lambda",
      "provider": "provider[\"registry.terraform.io/hashicorp/aws\"]",
      "instances": [
        {
          "schema_version": 0,
          "attributes": {
            "api_endpoint": "https://9oy58b3kvb.execute-api.ap-southeast-1.amazonaws.com",
            "api_key_selection_expression": "$request.header.x-api-key",
            "arn": "arn:aws:apigateway:ap-southeast-1::/apis/9oy58b3kvb",
            "body": null,
            "cors_configuration": [],
            "credentials_arn": null,
            "description": "",
            "disable_execute_api_endpoint": false,
            "execution_arn": "arn:aws:execute-api:ap-southeast-1:290554196536:9oy58b3kvb",
            "fail_on_warnings": null,
            "id": "9oy58b3kvb",
            "name": "rsmn-sales-xgbr-gw",
            "protocol_type": "HTTP",
            "route_key": null,
            "route_selection_expression": "$request.method $request.path",
            "tags": {},
            "tags_all": {},
            "target": null,
            "version": ""
          },
          "sensitive_attributes": [],
          "private": "bnVsbA=="
        }
      ]
    },
    {
      "mode": "managed",
      "type": "aws_apigatewayv2_integration",
      "name": "lambda",
      "provider": "provider[\"registry.terraform.io/hashicorp/aws\"]",
      "instances": [
        {
          "schema_version": 0,
          "attributes": {
            "api_id": "9oy58b3kvb",
            "connection_id": "",
            "connection_type": "INTERNET",
            "content_handling_strategy": "",
            "credentials_arn": "",
            "description": "",
            "id": "c61tkuc",
            "integration_method": "POST",
            "integration_response_selection_expression": "",
            "integration_subtype": "",
            "integration_type": "AWS_PROXY",
            "integration_uri": "arn:aws:apigateway:ap-southeast-1:lambda:path/2015-03-31/functions/arn:aws:lambda:ap-southeast-1:290554196536:function:rsmn-sales-xgbr-function/invocations",
            "passthrough_behavior": "",
            "payload_format_version": "1.0",
            "request_parameters": {},
            "request_templates": {},
            "response_parameters": [],
            "template_selection_expression": "",
            "timeout_milliseconds": 30000,
            "tls_config": []
          },
          "sensitive_attributes": [],
          "private": "bnVsbA==",
          "dependencies": [
            "aws_apigatewayv2_api.lambda",
            "aws_iam_role.iam_role_lambda",
            "aws_lambda_function.fn",
            "data.archive_file.lambda_inline_zip"
          ]
        }
      ]
    },
    {
      "mode": "managed",
      "type": "aws_apigatewayv2_route",
      "name": "endpoints",
      "provider": "provider[\"registry.terraform.io/hashicorp/aws\"]",
      "instances": [
        {
          "schema_version": 0,
          "attributes": {
            "api_id": "9oy58b3kvb",
            "api_key_required": false,
            "authorization_scopes": [],
            "authorization_type": "NONE",
            "authorizer_id": "",
            "id": "eu4sdog",
            "model_selection_expression": "",
            "operation_name": "",
            "request_models": {},
            "request_parameter": [],
            "route_key": "POST /{proxy+}",
            "route_response_selection_expression": "",
            "target": "integrations/c61tkuc"
          },
          "sensitive_attributes": [],
          "private": "bnVsbA==",
          "dependencies": [
            "aws_apigatewayv2_api.lambda",
            "aws_apigatewayv2_integration.lambda",
            "aws_iam_role.iam_role_lambda",
            "aws_lambda_function.fn",
            "data.archive_file.lambda_inline_zip"
          ]
        }
      ]
    },
    {
      "mode": "managed",
      "type": "aws_apigatewayv2_stage",
      "name": "lambda",
      "provider": "provider[\"registry.terraform.io/hashicorp/aws\"]",
      "instances": [
        {
          "schema_version": 0,
          "attributes": {
            "access_log_settings": [
              {
                "destination_arn": "arn:aws:logs:ap-southeast-1:290554196536:log-group:/aws/api_gw/rsmn-sales-xgbr-gw",
                "format": "{\"httpMethod\":\"$context.httpMethod\",\"integrationErrorMessage\":\"$context.integrationErrorMessage\",\"protocol\":\"$context.protocol\",\"requestId\":\"$context.requestId\",\"requestTime\":\"$context.requestTime\",\"resourcePath\":\"$context.resourcePath\",\"responseLength\":\"$context.responseLength\",\"routeKey\":\"$context.routeKey\",\"sourceIp\":\"$context.identity.sourceIp\",\"status\":\"$context.status\"}"
              }
            ],
            "api_id": "9oy58b3kvb",
            "arn": "arn:aws:apigateway:ap-southeast-1::/apis/9oy58b3kvb/stages/$default",
            "auto_deploy": true,
            "client_certificate_id": "",
            "default_route_settings": [
              {
                "data_trace_enabled": false,
                "detailed_metrics_enabled": false,
                "logging_level": "",
                "throttling_burst_limit": 0,
                "throttling_rate_limit": 0
              }
            ],
            "deployment_id": "tvpuh6",
            "description": "",
            "execution_arn": "arn:aws:execute-api:ap-southeast-1:290554196536:9oy58b3kvb/$default",
            "id": "$default",
            "invoke_url": "https://9oy58b3kvb.execute-api.ap-southeast-1.amazonaws.com/",
            "name": "$default",
            "route_settings": [],
            "stage_variables": {},
            "tags": {},
            "tags_all": {}
          },
          "sensitive_attributes": [],
          "private": "bnVsbA==",
          "dependencies": [
            "aws_apigatewayv2_api.lambda",
            "aws_cloudwatch_log_group.api_gw"
          ]
        }
      ]
    },
    {
      "mode": "managed",
      "type": "aws_cloudwatch_log_group",
      "name": "api_gw",
      "provider": "provider[\"registry.terraform.io/hashicorp/aws\"]",
      "instances": [
        {
          "schema_version": 0,
          "attributes": {
            "arn": "arn:aws:logs:ap-southeast-1:290554196536:log-group:/aws/api_gw/rsmn-sales-xgbr-gw",
            "id": "/aws/api_gw/rsmn-sales-xgbr-gw",
            "kms_key_id": "",
            "name": "/aws/api_gw/rsmn-sales-xgbr-gw",
            "name_prefix": null,
            "retention_in_days": 30,
            "tags": {},
            "tags_all": {}
          },
          "sensitive_attributes": [],
          "private": "bnVsbA==",
          "dependencies": [
            "aws_apigatewayv2_api.lambda"
          ]
        }
      ]
    },
    {
      "mode": "managed",
      "type": "aws_cloudwatch_log_group",
      "name": "lg",
      "provider": "provider[\"registry.terraform.io/hashicorp/aws\"]",
      "instances": [
        {
          "schema_version": 0,
          "attributes": {
            "arn": "arn:aws:logs:ap-southeast-1:290554196536:log-group:/aws/lambda/rsmn-sales-xgbr-function",
            "id": "/aws/lambda/rsmn-sales-xgbr-function",
            "kms_key_id": "",
            "name": "/aws/lambda/rsmn-sales-xgbr-function",
            "name_prefix": null,
            "retention_in_days": 30,
            "tags": {},
            "tags_all": {}
          },
          "sensitive_attributes": [],
          "private": "bnVsbA==",
          "dependencies": [
            "aws_iam_role.iam_role_lambda",
            "aws_lambda_function.fn",
            "data.archive_file.lambda_inline_zip"
          ]
        }
      ]
    },
    {
      "mode": "managed",
      "type": "aws_iam_role",
      "name": "iam_role_lambda",
      "provider": "provider[\"registry.terraform.io/hashicorp/aws\"]",
      "instances": [
        {
          "schema_version": 0,
          "attributes": {
            "arn": "arn:aws:iam::290554196536:role/rsmn-sales-xgbr-lambda-iam-role",
            "assume_role_policy": "{\"Version\":\"2012-10-17\",\"Statement\":[{\"Sid\":\"\",\"Effect\":\"Allow\",\"Principal\":{\"Service\":\"lambda.amazonaws.com\"},\"Action\":\"sts:AssumeRole\"}]}",
            "create_date": "2022-10-15T08:56:45Z",
            "description": "",
            "force_detach_policies": false,
            "id": "rsmn-sales-xgbr-lambda-iam-role",
            "inline_policy": [
              {
                "name": "",
                "policy": ""
              }
            ],
            "managed_policy_arns": [
              "arn:aws:iam::aws:policy/AmazonSageMakerFullAccess",
              "arn:aws:iam::aws:policy/service-role/AWSLambdaBasicExecutionRole"
            ],
            "max_session_duration": 3600,
            "name": "rsmn-sales-xgbr-lambda-iam-role",
            "name_prefix": "",
            "path": "/",
            "permissions_boundary": null,
            "tags": {},
            "tags_all": {},
            "unique_id": "AROAUHJTBGI4AS3NEMACA"
          },
          "sensitive_attributes": [],
          "private": "bnVsbA=="
        }
      ]
    },
    {
      "mode": "managed",
      "type": "aws_iam_role",
      "name": "iam_role_sagemaker",
      "provider": "provider[\"registry.terraform.io/hashicorp/aws\"]",
      "instances": [
        {
          "schema_version": 0,
          "attributes": {
            "arn": "arn:aws:iam::290554196536:role/rsmn-sales-xgbr-sagemaker-iam-role",
            "assume_role_policy": "{\"Version\":\"2012-10-17\",\"Statement\":[{\"Sid\":\"\",\"Effect\":\"Allow\",\"Principal\":{\"Service\":\"sagemaker.amazonaws.com\"},\"Action\":\"sts:AssumeRole\"}]}",
            "create_date": "2022-10-15T08:56:45Z",
            "description": "",
            "force_detach_policies": false,
            "id": "rsmn-sales-xgbr-sagemaker-iam-role",
            "inline_policy": [
              {
                "name": "",
                "policy": ""
              }
            ],
            "managed_policy_arns": [
              "arn:aws:iam::aws:policy/AmazonSageMakerFullAccess"
            ],
            "max_session_duration": 3600,
            "name": "rsmn-sales-xgbr-sagemaker-iam-role",
            "name_prefix": "",
            "path": "/",
            "permissions_boundary": null,
            "tags": {},
            "tags_all": {},
            "unique_id": "AROAUHJTBGI4PDFANYHPT"
          },
          "sensitive_attributes": [],
          "private": "bnVsbA==",
          "create_before_destroy": true
        }
      ]
    },
    {
      "mode": "managed",
      "type": "aws_lambda_function",
      "name": "fn",
      "provider": "provider[\"registry.terraform.io/hashicorp/aws\"]",
      "instances": [
        {
          "schema_version": 0,
          "attributes": {
            "architectures": [
              "x86_64"
            ],
            "arn": "arn:aws:lambda:ap-southeast-1:290554196536:function:rsmn-sales-xgbr-function",
            "code_signing_config_arn": "",
            "dead_letter_config": [],
            "description": "A proxy service to invoke sagemaker endpoint.",
            "environment": [],
            "file_system_config": [],
            "filename": "/tmp/lambda_zip_inline.zip",
            "function_name": "rsmn-sales-xgbr-function",
            "handler": "index.lambda_handler",
            "id": "rsmn-sales-xgbr-function",
            "image_config": [],
            "image_uri": "",
            "invoke_arn": "arn:aws:apigateway:ap-southeast-1:lambda:path/2015-03-31/functions/arn:aws:lambda:ap-southeast-1:290554196536:function:rsmn-sales-xgbr-function/invocations",
            "kms_key_arn": "",
            "last_modified": "2022-10-15T08:57:17.863+0000",
            "layers": [],
            "memory_size": 128,
            "package_type": "Zip",
            "publish": false,
            "qualified_arn": "arn:aws:lambda:ap-southeast-1:290554196536:function:rsmn-sales-xgbr-function:$LATEST",
            "reserved_concurrent_executions": -1,
            "role": "arn:aws:iam::290554196536:role/rsmn-sales-xgbr-lambda-iam-role",
            "runtime": "python3.9",
            "s3_bucket": null,
            "s3_key": null,
            "s3_object_version": null,
            "signing_job_arn": "",
            "signing_profile_version_arn": "",
            "source_code_hash": "pwdJACz+mRqB+ngOVSp576pL0WNrLZTNizCDhXcc3yw=",
            "source_code_size": 601,
            "tags": {},
            "tags_all": {},
            "timeout": 60,
            "timeouts": null,
            "tracing_config": [
              {
                "mode": "PassThrough"
              }
            ],
            "version": "$LATEST",
            "vpc_config": []
          },
          "sensitive_attributes": [],
          "private": "eyJlMmJmYjczMC1lY2FhLTExZTYtOGY4OC0zNDM2M2JjN2M0YzAiOnsiY3JlYXRlIjo2MDAwMDAwMDAwMDB9fQ==",
          "dependencies": [
            "aws_iam_role.iam_role_lambda",
            "data.archive_file.lambda_inline_zip"
          ]
        }
      ]
    },
    {
      "mode": "managed",
      "type": "aws_lambda_permission",
      "name": "api_gw",
      "provider": "provider[\"registry.terraform.io/hashicorp/aws\"]",
      "instances": [
        {
          "schema_version": 0,
          "attributes": {
            "action": "lambda:InvokeFunction",
            "event_source_token": null,
            "function_name": "rsmn-sales-xgbr-function",
            "id": "AllowExecutionFromAPIGateway",
            "principal": "apigateway.amazonaws.com",
            "qualifier": "",
            "source_account": null,
            "source_arn": "arn:aws:execute-api:ap-southeast-1:290554196536:9oy58b3kvb/*/*",
            "statement_id": "AllowExecutionFromAPIGateway",
            "statement_id_prefix": null
          },
          "sensitive_attributes": [],
          "private": "bnVsbA==",
          "dependencies": [
            "aws_apigatewayv2_api.lambda",
            "aws_iam_role.iam_role_lambda",
            "aws_lambda_function.fn",
            "data.archive_file.lambda_inline_zip"
          ]
        }
      ]
    },
    {
      "mode": "managed",
      "type": "aws_sagemaker_endpoint",
      "name": "sagemaker_endpoint",
      "provider": "provider[\"registry.terraform.io/hashicorp/aws\"]",
      "instances": [
        {
          "schema_version": 0,
          "attributes": {
            "arn": "arn:aws:sagemaker:ap-southeast-1:290554196536:endpoint/rsmn-sales-xgbr-endpoint",
            "deployment_config": [],
            "endpoint_config_name": "rsmn-sales-xgbr-endpoint-config-ks7jd6cmokjykc4c",
            "id": "rsmn-sales-xgbr-endpoint",
            "name": "rsmn-sales-xgbr-endpoint",
            "tags": {},
            "tags_all": {}
          },
          "sensitive_attributes": [],
          "private": "bnVsbA==",
          "dependencies": [
            "aws_iam_role.iam_role_sagemaker",
            "aws_sagemaker_endpoint_configuration.endpoint_config",
            "aws_sagemaker_model.sagemaker_model",
            "data.aws_ecr_image.service_image",
            "data.aws_ecr_repository.service"
          ]
        }
      ]
    },
    {
      "mode": "managed",
      "type": "aws_sagemaker_endpoint_configuration",
      "name": "endpoint_config",
      "provider": "provider[\"registry.terraform.io/hashicorp/aws\"]",
      "instances": [
        {
          "schema_version": 0,
          "attributes": {
            "arn": "arn:aws:sagemaker:ap-southeast-1:290554196536:endpoint-config/rsmn-sales-xgbr-endpoint-config-ks7jd6cmokjykc4c",
            "async_inference_config": [],
            "data_capture_config": [],
            "id": "rsmn-sales-xgbr-endpoint-config-ks7jd6cmokjykc4c",
            "kms_key_arn": "",
            "name": "rsmn-sales-xgbr-endpoint-config-ks7jd6cmokjykc4c",
            "production_variants": [
              {
                "accelerator_type": "",
                "initial_instance_count": 1,
                "initial_variant_weight": 1,
                "instance_type": "ml.t2.medium",
                "model_name": "rsmn-sales-xgbr-model-ks7jd6cmokjykc4c",
                "variant_name": "default"
              }
            ],
            "tags": null,
            "tags_all": {}
          },
          "sensitive_attributes": [],
          "private": "bnVsbA==",
          "dependencies": [
            "aws_iam_role.iam_role_sagemaker",
            "aws_sagemaker_model.sagemaker_model",
            "data.aws_ecr_image.service_image",
            "data.aws_ecr_repository.service"
          ],
          "create_before_destroy": true
        }
      ]
    },
    {
      "mode": "managed",
      "type": "aws_sagemaker_model",
      "name": "sagemaker_model",
      "provider": "provider[\"registry.terraform.io/hashicorp/aws\"]",
      "instances": [
        {
          "schema_version": 0,
          "attributes": {
            "arn": "arn:aws:sagemaker:ap-southeast-1:290554196536:model/rsmn-sales-xgbr-model-ks7jd6cmokjykc4c",
            "container": [],
            "enable_network_isolation": false,
            "execution_role_arn": "arn:aws:iam::290554196536:role/rsmn-sales-xgbr-sagemaker-iam-role",
            "id": "rsmn-sales-xgbr-model-ks7jd6cmokjykc4c",
            "inference_execution_config": [],
            "name": "rsmn-sales-xgbr-model-ks7jd6cmokjykc4c",
            "primary_container": [
              {
                "container_hostname": "",
                "environment": null,
                "image": "290554196536.dkr.ecr.ap-southeast-1.amazonaws.com/rsmn-sales-xgbr@sha256:1563fedf02a86079d0084c2752914c3429bc2a40296b6e27ee7bcb62bfcdca54",
                "image_config": [],
                "mode": "SingleModel",
                "model_data_url": ""
              }
            ],
            "tags": null,
            "tags_all": {},
            "vpc_config": []
          },
          "sensitive_attributes": [],
          "private": "bnVsbA==",
          "dependencies": [
            "aws_iam_role.iam_role_sagemaker",
            "data.aws_ecr_image.service_image",
            "data.aws_ecr_repository.service"
          ],
          "create_before_destroy": true
        }
      ]
    }
  ],
  "check_results": []
}
